
Microsoft Visual Studio Solution File, Format Version 12.00
# Visual Studio Version 17
VisualStudioVersion = 17.14.36414.22 d17.14
MinimumVisualStudioVersion = 10.0.40219.1
Project("{FAE04EC0-301F-11D3-BF4B-00C04F79EFBC}") = "ChasBankApp", "ChasBankApp\ChasBankApp.csproj", "{4CDC4BBF-54DA-414A-81E5-9EAFBE908816}"
EndProject
Global
	GlobalSection(SolutionConfigurationPlatforms) = preSolution
		Debug|Any CPU = Debug|Any CPU
		Release|Any CPU = Release|Any CPU
	EndGlobalSection
	GlobalSection(ProjectConfigurationPlatforms) = postSolution
		{4CDC4BBF-54DA-414A-81E5-9EAFBE908816}.Debug|Any CPU.ActiveCfg = Debug|Any CPU
		{4CDC4BBF-54DA-414A-81E5-9EAFBE908816}.Debug|Any CPU.Build.0 = Debug|Any CPU
		{4CDC4BBF-54DA-414A-81E5-9EAFBE908816}.Release|Any CPU.ActiveCfg = Release|Any CPU
		{4CDC4BBF-54DA-414A-81E5-9EAFBE908816}.Release|Any CPU.Build.0 = Release|Any CPU
	EndGlobalSection
	GlobalSection(SolutionProperties) = preSolution
		HideSolutionNode = FALSE
	EndGlobalSection
	GlobalSection(ExtensibilityGlobals) = postSolution
		SolutionGuid = {CF4164B8-5D06-40A3-81EB-61686CB95955}
	EndGlobalSection
EndGlobal
